
Microsoft Visual Studio Solution File, Format Version 12.00
# Visual Studio Version 16
VisualStudioVersion = 16.0.31515.178
MinimumVisualStudioVersion = 10.0.40219.1
Project("{9A19103F-16F7-4668-BE54-9A1E7A4F7556}") = "WebApp", "WebApp\WebApp.csproj", "{D5270683-D07B-4EA3-B66B-8CFD98AFAD3B}"
EndProject
Global
	GlobalSection(SolutionConfigurationPlatforms) = preSolution
		Debug|Any CPU = Debug|Any CPU
		Release|Any CPU = Release|Any CPU
	EndGlobalSection
	GlobalSection(ProjectConfigurationPlatforms) = postSolution
		{D5270683-D07B-4EA3-B66B-8CFD98AFAD3B}.Debug|Any CPU.ActiveCfg = Debug|Any CPU
		{D5270683-D07B-4EA3-B66B-8CFD98AFAD3B}.Debug|Any CPU.Build.0 = Debug|Any CPU
		{D5270683-D07B-4EA3-B66B-8CFD98AFAD3B}.Release|Any CPU.ActiveCfg = Release|Any CPU
		{D5270683-D07B-4EA3-B66B-8CFD98AFAD3B}.Release|Any CPU.Build.0 = Release|Any CPU
	EndGlobalSection
	GlobalSection(SolutionProperties) = preSolution
		HideSolutionNode = FALSE
	EndGlobalSection
	GlobalSection(ExtensibilityGlobals) = postSolution
		SolutionGuid = {686F2757-E91A-4682-BFAE-D631181F57FD}
	EndGlobalSection
EndGlobal
